
Microsoft Visual Studio Solution File, Format Version 12.00
# Visual Studio Version 16
VisualStudioVersion = 16.0.30413.136
MinimumVisualStudioVersion = 10.0.40219.1
Project("{888888A0-9F3D-457C-B088-3A5042F75D52}") = "MyFirstPython", "MyFirstPython.pyproj", "{4146AE5A-0529-4F27-B854-7E96420E8E86}"
EndProject
Global
	GlobalSection(SolutionConfigurationPlatforms) = preSolution
		Debug|Any CPU = Debug|Any CPU
		Release|Any CPU = Release|Any CPU
	EndGlobalSection
	GlobalSection(ProjectConfigurationPlatforms) = postSolution
		{4146AE5A-0529-4F27-B854-7E96420E8E86}.Debug|Any CPU.ActiveCfg = Debug|Any CPU
		{4146AE5A-0529-4F27-B854-7E96420E8E86}.Release|Any CPU.ActiveCfg = Release|Any CPU
	EndGlobalSection
	GlobalSection(SolutionProperties) = preSolution
		HideSolutionNode = FALSE
	EndGlobalSection
	GlobalSection(ExtensibilityGlobals) = postSolution
		SolutionGuid = {BD935E35-ACE0-4581-BF5A-0EE9ED2741AD}
	EndGlobalSection
EndGlobal
